
Microsoft Visual Studio Solution File, Format Version 12.00
# Visual Studio 15
VisualStudioVersion = 15.0.26730.15
MinimumVisualStudioVersion = 10.0.40219.1
Project("{FAE04EC0-301F-11D3-BF4B-00C04F79EFBC}") = "MaduAPI", "MaduAPI\MaduAPI.csproj", "{DD75A82C-AFAE-4BC8-ABB3-324A120533FA}"
EndProject
Global
	GlobalSection(SolutionConfigurationPlatforms) = preSolution
		Debug|Any CPU = Debug|Any CPU
		Release|Any CPU = Release|Any CPU
	EndGlobalSection
	GlobalSection(ProjectConfigurationPlatforms) = postSolution
		{DD75A82C-AFAE-4BC8-ABB3-324A120533FA}.Debug|Any CPU.ActiveCfg = Debug|Any CPU
		{DD75A82C-AFAE-4BC8-ABB3-324A120533FA}.Debug|Any CPU.Build.0 = Debug|Any CPU
		{DD75A82C-AFAE-4BC8-ABB3-324A120533FA}.Release|Any CPU.ActiveCfg = Release|Any CPU
		{DD75A82C-AFAE-4BC8-ABB3-324A120533FA}.Release|Any CPU.Build.0 = Release|Any CPU
	EndGlobalSection
	GlobalSection(SolutionProperties) = preSolution
		HideSolutionNode = FALSE
	EndGlobalSection
	GlobalSection(ExtensibilityGlobals) = postSolution
		SolutionGuid = {69E85599-EBF4-4651-9DD3-E1083EB40ED4}
	EndGlobalSection
EndGlobal
